// !$*UTF8*$!
{
	archiveVersion = 1;
	classes = {
	};
	objectVersion = 50;
	objects = {

/* Begin PBXBuildFile section */
		24640D65206EA64400097DA5 /* DateTime.xib in Resources */ = {isa = PBXBuildFile; fileRef = 24640D64206EA64400097DA5 /* DateTime.xib */; };
		24640D68206EA67A00097DA5 /* TodayViewController.m in Sources */ = {isa = PBXBuildFile; fileRef = 24640D67206EA67A00097DA5 /* TodayViewController.m */; };
		24640D71206F583500097DA5 /* DateTimeViewController.m in Sources */ = {isa = PBXBuildFile; fileRef = 24640D6F206F583500097DA5 /* DateTimeViewController.m */; };
		24640D74206F651100097DA5 /* CoreLocation.framework in Frameworks */ = {isa = PBXBuildFile; fileRef = 24640D73206F651100097DA5 /* CoreLocation.framework */; };
		2474EA3420843DF8003D87B0 /* CameraView.xib in Resources */ = {isa = PBXBuildFile; fileRef = 2474EA3320843DF8003D87B0 /* CameraView.xib */; };
		2474EA3720843E26003D87B0 /* CameraViewController.m in Sources */ = {isa = PBXBuildFile; fileRef = 2474EA3620843E26003D87B0 /* CameraViewController.m */; };
		2474EA3A20843F02003D87B0 /* CameraView.m in Sources */ = {isa = PBXBuildFile; fileRef = 2474EA3920843F02003D87B0 /* CameraView.m */; };
		2474EA3C208443BC003D87B0 /* AVFoundation.framework in Frameworks */ = {isa = PBXBuildFile; fileRef = 2474EA3B208443BC003D87B0 /* AVFoundation.framework */; };
		248ADCAD2068AE6A00CB37C2 /* AppDelegate.m in Sources */ = {isa = PBXBuildFile; fileRef = 248ADCAC2068AE6A00CB37C2 /* AppDelegate.m */; };
		248ADCAF2068AE6A00CB37C2 /* Assets.xcassets in Resources */ = {isa = PBXBuildFile; fileRef = 248ADCAE2068AE6A00CB37C2 /* Assets.xcassets */; };
		248ADCB22068AE6A00CB37C2 /* MainMenu.xib in Resources */ = {isa = PBXBuildFile; fileRef = 248ADCB02068AE6A00CB37C2 /* MainMenu.xib */; };
		248ADCB52068AE6A00CB37C2 /* main.m in Sources */ = {isa = PBXBuildFile; fileRef = 248ADCB42068AE6A00CB37C2 /* main.m */; };
		24B45B6F206A5ECC001D8D62 /* MainWindow.xib in Resources */ = {isa = PBXBuildFile; fileRef = 24B45B6E206A5ECC001D8D62 /* MainWindow.xib */; };
		24B45B72206A5EE6001D8D62 /* MainWindowController.m in Sources */ = {isa = PBXBuildFile; fileRef = 24B45B71206A5EE6001D8D62 /* MainWindowController.m */; };
/* End PBXBuildFile section */

/* Begin PBXFileReference section */
		24640D64206EA64400097DA5 /* DateTime.xib */ = {isa = PBXFileReference; lastKnownFileType = file.xib; path = DateTime.xib; sourceTree = "<group>"; };
		24640D66206EA67A00097DA5 /* TodayViewController.h */ = {isa = PBXFileReference; lastKnownFileType = sourcecode.c.h; path = TodayViewController.h; sourceTree = "<group>"; };
		24640D67206EA67A00097DA5 /* TodayViewController.m */ = {isa = PBXFileReference; lastKnownFileType = sourcecode.c.objc; path = TodayViewController.m; sourceTree = "<group>"; };
		24640D6E206F583500097DA5 /* DateTimeViewController.h */ = {isa = PBXFileReference; lastKnownFileType = sourcecode.c.h; path = DateTimeViewController.h; sourceTree = "<group>"; };
		24640D6F206F583500097DA5 /* DateTimeViewController.m */ = {isa = PBXFileReference; lastKnownFileType = sourcecode.c.objc; path = DateTimeViewController.m; sourceTree = "<group>"; };
		24640D73206F651100097DA5 /* CoreLocation.framework */ = {isa = PBXFileReference; lastKnownFileType = wrapper.framework; name = CoreLocation.framework; path = System/Library/Frameworks/CoreLocation.framework; sourceTree = SDKROOT; };
		2474EA3320843DF8003D87B0 /* CameraView.xib */ = {isa = PBXFileReference; lastKnownFileType = file.xib; path = CameraView.xib; sourceTree = "<group>"; };
		2474EA3520843E26003D87B0 /* CameraViewController.h */ = {isa = PBXFileReference; lastKnownFileType = sourcecode.c.h; path = CameraViewController.h; sourceTree = "<group>"; };
		2474EA3620843E26003D87B0 /* CameraViewController.m */ = {isa = PBXFileReference; lastKnownFileType = sourcecode.c.objc; path = CameraViewController.m; sourceTree = "<group>"; };
		2474EA3820843F02003D87B0 /* CameraView.h */ = {isa = PBXFileReference; lastKnownFileType = sourcecode.c.h; path = CameraView.h; sourceTree = "<group>"; };
		2474EA3920843F02003D87B0 /* CameraView.m */ = {isa = PBXFileReference; lastKnownFileType = sourcecode.c.objc; path = CameraView.m; sourceTree = "<group>"; };
		2474EA3B208443BC003D87B0 /* AVFoundation.framework */ = {isa = PBXFileReference; lastKnownFileType = wrapper.framework; name = AVFoundation.framework; path = System/Library/Frameworks/AVFoundation.framework; sourceTree = SDKROOT; };
		248ADCA82068AE6900CB37C2 /* TimeTracker.app */ = {isa = PBXFileReference; explicitFileType = wrapper.application; includeInIndex = 0; path = TimeTracker.app; sourceTree = BUILT_PRODUCTS_DIR; };
		248ADCAB2068AE6900CB37C2 /* AppDelegate.h */ = {isa = PBXFileReference; lastKnownFileType = sourcecode.c.h; path = AppDelegate.h; sourceTree = "<group>"; };
		248ADCAC2068AE6A00CB37C2 /* AppDelegate.m */ = {isa = PBXFileReference; lastKnownFileType = sourcecode.c.objc; path = AppDelegate.m; sourceTree = "<group>"; };
		248ADCAE2068AE6A00CB37C2 /* Assets.xcassets */ = {isa = PBXFileReference; lastKnownFileType = folder.assetcatalog; path = Assets.xcassets; sourceTree = "<group>"; };
		248ADCB12068AE6A00CB37C2 /* Base */ = {isa = PBXFileReference; lastKnownFileType = file.xib; name = Base; path = Base.lproj/MainMenu.xib; sourceTree = "<group>"; };
		248ADCB32068AE6A00CB37C2 /* Info.plist */ = {isa = PBXFileReference; lastKnownFileType = text.plist.xml; path = Info.plist; sourceTree = "<group>"; };
		248ADCB42068AE6A00CB37C2 /* main.m */ = {isa = PBXFileReference; lastKnownFileType = sourcecode.c.objc; path = main.m; sourceTree = "<group>"; };
		248ADCB62068AE6A00CB37C2 /* TimeTracker.entitlements */ = {isa = PBXFileReference; lastKnownFileType = text.plist.entitlements; path = TimeTracker.entitlements; sourceTree = "<group>"; };
		24B45B6E206A5ECC001D8D62 /* MainWindow.xib */ = {isa = PBXFileReference; lastKnownFileType = file.xib; path = MainWindow.xib; sourceTree = "<group>"; };
		24B45B70206A5EE6001D8D62 /* MainWindowController.h */ = {isa = PBXFileReference; lastKnownFileType = sourcecode.c.h; path = MainWindowController.h; sourceTree = "<group>"; };
		24B45B71206A5EE6001D8D62 /* MainWindowController.m */ = {isa = PBXFileReference; lastKnownFileType = sourcecode.c.objc; path = MainWindowController.m; sourceTree = "<group>"; };
/* End PBXFileReference section */

/* Begin PBXFrameworksBuildPhase section */
		248ADCA52068AE6900CB37C2 /* Frameworks */ = {
			isa = PBXFrameworksBuildPhase;
			buildActionMask = 2147483647;
			files = (
				2474EA3C208443BC003D87B0 /* AVFoundation.framework in Frameworks */,
				24640D74206F651100097DA5 /* CoreLocation.framework in Frameworks */,
			);
			runOnlyForDeploymentPostprocessing = 0;
		};
/* End PBXFrameworksBuildPhase section */

/* Begin PBXGroup section */
		24640D57206D02D600097DA5 /* Frameworks */ = {
			isa = PBXGroup;
			children = (
				2474EA3B208443BC003D87B0 /* AVFoundation.framework */,
				24640D73206F651100097DA5 /* CoreLocation.framework */,
			);
			name = Frameworks;
			sourceTree = "<group>";
		};
		24640D60206E43CF00097DA5 /* Controllers */ = {
			isa = PBXGroup;
			children = (
				24B45B70206A5EE6001D8D62 /* MainWindowController.h */,
				24B45B71206A5EE6001D8D62 /* MainWindowController.m */,
				24640D66206EA67A00097DA5 /* TodayViewController.h */,
				24640D67206EA67A00097DA5 /* TodayViewController.m */,
				24640D6E206F583500097DA5 /* DateTimeViewController.h */,
				24640D6F206F583500097DA5 /* DateTimeViewController.m */,
				2474EA3520843E26003D87B0 /* CameraViewController.h */,
				2474EA3620843E26003D87B0 /* CameraViewController.m */,
				2474EA3820843F02003D87B0 /* CameraView.h */,
				2474EA3920843F02003D87B0 /* CameraView.m */,
			);
			path = Controllers;
			sourceTree = "<group>";
		};
		248ADC9F2068AE6900CB37C2 = {
			isa = PBXGroup;
			children = (
				248ADCAA2068AE6900CB37C2 /* TimeTracker */,
				248ADCA92068AE6900CB37C2 /* Products */,
				24640D57206D02D600097DA5 /* Frameworks */,
			);
			sourceTree = "<group>";
		};
		248ADCA92068AE6900CB37C2 /* Products */ = {
			isa = PBXGroup;
			children = (
				248ADCA82068AE6900CB37C2 /* TimeTracker.app */,
			);
			name = Products;
			sourceTree = "<group>";
		};
		248ADCAA2068AE6900CB37C2 /* TimeTracker */ = {
			isa = PBXGroup;
			children = (
				24640D60206E43CF00097DA5 /* Controllers */,
				24B45B6D206A5E96001D8D62 /* Nibs */,
				248ADCAB2068AE6900CB37C2 /* AppDelegate.h */,
				248ADCAC2068AE6A00CB37C2 /* AppDelegate.m */,
				248ADCAE2068AE6A00CB37C2 /* Assets.xcassets */,
				248ADCB32068AE6A00CB37C2 /* Info.plist */,
				248ADCB42068AE6A00CB37C2 /* main.m */,
				248ADCB62068AE6A00CB37C2 /* TimeTracker.entitlements */,
			);
			path = TimeTracker;
			sourceTree = "<group>";
		};
		24B45B6D206A5E96001D8D62 /* Nibs */ = {
			isa = PBXGroup;
			children = (
				24B45B6E206A5ECC001D8D62 /* MainWindow.xib */,
				248ADCB02068AE6A00CB37C2 /* MainMenu.xib */,
				24640D64206EA64400097DA5 /* DateTime.xib */,
				2474EA3320843DF8003D87B0 /* CameraView.xib */,
			);
			path = Nibs;
			sourceTree = "<group>";
		};
/* End PBXGroup section */

/* Begin PBXNativeTarget section */
		248ADCA72068AE6900CB37C2 /* TimeTracker */ = {
			isa = PBXNativeTarget;
			buildConfigurationList = 248ADCB92068AE6A00CB37C2 /* Build configuration list for PBXNativeTarget "TimeTracker" */;
			buildPhases = (
				248ADCA42068AE6900CB37C2 /* Sources */,
				248ADCA52068AE6900CB37C2 /* Frameworks */,
				248ADCA62068AE6900CB37C2 /* Resources */,
			);
			buildRules = (
			);
			dependencies = (
			);
			name = TimeTracker;
			productName = TimeTracker;
			productReference = 248ADCA82068AE6900CB37C2 /* TimeTracker.app */;
			productType = "com.apple.product-type.application";
		};
/* End PBXNativeTarget section */

/* Begin PBXProject section */
		248ADCA02068AE6900CB37C2 /* Project object */ = {
			isa = PBXProject;
			attributes = {
				LastUpgradeCheck = 0930;
				ORGANIZATIONNAME = "Welling Guzman";
				TargetAttributes = {
					248ADCA72068AE6900CB37C2 = {
						CreatedOnToolsVersion = 9.3;
						SystemCapabilities = {
							com.apple.Sandbox = {
								enabled = 1;
							};
						};
					};
				};
			};
			buildConfigurationList = 248ADCA32068AE6900CB37C2 /* Build configuration list for PBXProject "TimeTracker" */;
			compatibilityVersion = "Xcode 9.3";
			developmentRegion = en;
			hasScannedForEncodings = 0;
			knownRegions = (
				en,
				Base,
			);
			mainGroup = 248ADC9F2068AE6900CB37C2;
			productRefGroup = 248ADCA92068AE6900CB37C2 /* Products */;
			projectDirPath = "";
			projectRoot = "";
			targets = (
				248ADCA72068AE6900CB37C2 /* TimeTracker */,
			);
		};
/* End PBXProject section */

/* Begin PBXResourcesBuildPhase section */
		248ADCA62068AE6900CB37C2 /* Resources */ = {
			isa = PBXResourcesBuildPhase;
			buildActionMask = 2147483647;
			files = (
				248ADCAF2068AE6A00CB37C2 /* Assets.xcassets in Resources */,
				248ADCB22068AE6A00CB37C2 /* MainMenu.xib in Resources */,
				2474EA3420843DF8003D87B0 /* CameraView.xib in Resources */,
				24640D65206EA64400097DA5 /* DateTime.xib in Resources */,
				24B45B6F206A5ECC001D8D62 /* MainWindow.xib in Resources */,
			);
			runOnlyForDeploymentPostprocessing = 0;
		};
/* End PBXResourcesBuildPhase section */

/* Begin PBXSourcesBuildPhase section */
		248ADCA42068AE6900CB37C2 /* Sources */ = {
			isa = PBXSourcesBuildPhase;
			buildActionMask = 2147483647;
			files = (
				24640D68206EA67A00097DA5 /* TodayViewController.m in Sources */,
				24B45B72206A5EE6001D8D62 /* MainWindowController.m in Sources */,
				2474EA3A20843F02003D87B0 /* CameraView.m in Sources */,
				24640D71206F583500097DA5 /* DateTimeViewController.m in Sources */,
				2474EA3720843E26003D87B0 /* CameraViewController.m in Sources */,
				248ADCB52068AE6A00CB37C2 /* main.m in Sources */,
				248ADCAD2068AE6A00CB37C2 /* AppDelegate.m in Sources */,
			);
			runOnlyForDeploymentPostprocessing = 0;
		};
/* End PBXSourcesBuildPhase section */

/* Begin PBXVariantGroup section */
		248ADCB02068AE6A00CB37C2 /* MainMenu.xib */ = {
			isa = PBXVariantGroup;
			children = (
				248ADCB12068AE6A00CB37C2 /* Base */,
			);
			name = MainMenu.xib;
			sourceTree = "<group>";
		};
/* End PBXVariantGroup section */

/* Begin XCBuildConfiguration section */
		248ADCB72068AE6A00CB37C2 /* Debug */ = {
			isa = XCBuildConfiguration;
			buildSettings = {
				ALWAYS_SEARCH_USER_PATHS = NO;
				CLANG_ANALYZER_NONNULL = YES;
				CLANG_ANALYZER_NUMBER_OBJECT_CONVERSION = YES_AGGRESSIVE;
				CLANG_CXX_LANGUAGE_STANDARD = "gnu++14";
				CLANG_CXX_LIBRARY = "libc++";
				CLANG_ENABLE_MODULES = YES;
				CLANG_ENABLE_OBJC_ARC = YES;
				CLANG_ENABLE_OBJC_WEAK = YES;
				CLANG_WARN_BLOCK_CAPTURE_AUTORELEASING = YES;
				CLANG_WARN_BOOL_CONVERSION = YES;
				CLANG_WARN_COMMA = YES;
				CLANG_WARN_CONSTANT_CONVERSION = YES;
				CLANG_WARN_DEPRECATED_OBJC_IMPLEMENTATIONS = YES;
				CLANG_WARN_DIRECT_OBJC_ISA_USAGE = YES_ERROR;
				CLANG_WARN_DOCUMENTATION_COMMENTS = YES;
				CLANG_WARN_EMPTY_BODY = YES;
				CLANG_WARN_ENUM_CONVERSION = YES;
				CLANG_WARN_INFINITE_RECURSION = YES;
				CLANG_WARN_INT_CONVERSION = YES;
				CLANG_WARN_NON_LITERAL_NULL_CONVERSION = YES;
				CLANG_WARN_OBJC_IMPLICIT_RETAIN_SELF = YES;
				CLANG_WARN_OBJC_LITERAL_CONVERSION = YES;
				CLANG_WARN_OBJC_ROOT_CLASS = YES_ERROR;
				CLANG_WARN_RANGE_LOOP_ANALYSIS = YES;
				CLANG_WARN_STRICT_PROTOTYPES = YES;
				CLANG_WARN_SUSPICIOUS_MOVE = YES;
				CLANG_WARN_UNGUARDED_AVAILABILITY = YES_AGGRESSIVE;
				CLANG_WARN_UNREACHABLE_CODE = YES;
				CLANG_WARN__DUPLICATE_METHOD_MATCH = YES;
				CODE_SIGN_IDENTITY = "-";
				COPY_PHASE_STRIP = NO;
				DEBUG_INFORMATION_FORMAT = dwarf;
				ENABLE_STRICT_OBJC_MSGSEND = YES;
				ENABLE_TESTABILITY = YES;
				GCC_C_LANGUAGE_STANDARD = gnu11;
				GCC_DYNAMIC_NO_PIC = NO;
				GCC_NO_COMMON_BLOCKS = YES;
				GCC_OPTIMIZATION_LEVEL = 0;
				GCC_PREPROCESSOR_DEFINITIONS = (
					"DEBUG=1",
					"$(inherited)",
				);
				GCC_WARN_64_TO_32_BIT_CONVERSION = YES;
				GCC_WARN_ABOUT_RETURN_TYPE = YES_ERROR;
				GCC_WARN_UNDECLARED_SELECTOR = YES;
				GCC_WARN_UNINITIALIZED_AUTOS = YES_AGGRESSIVE;
				GCC_WARN_UNUSED_FUNCTION = YES;
				GCC_WARN_UNUSED_VARIABLE = YES;
				MACOSX_DEPLOYMENT_TARGET = 10.13;
				MTL_ENABLE_DEBUG_INFO = YES;
				ONLY_ACTIVE_ARCH = YES;
				SDKROOT = macosx;
			};
			name = Debug;
		};
		248ADCB82068AE6A00CB37C2 /* Release */ = {
			isa = XCBuildConfiguration;
			buildSettings = {
				ALWAYS_SEARCH_USER_PATHS = NO;
				CLANG_ANALYZER_NONNULL = YES;
				CLANG_ANALYZER_NUMBER_OBJECT_CONVERSION = YES_AGGRESSIVE;
				CLANG_CXX_LANGUAGE_STANDARD = "gnu++14";
				CLANG_CXX_LIBRARY = "libc++";
				CLANG_ENABLE_MODULES = YES;
				CLANG_ENABLE_OBJC_ARC = YES;
				CLANG_ENABLE_OBJC_WEAK = YES;
				CLANG_WARN_BLOCK_CAPTURE_AUTORELEASING = YES;
				CLANG_WARN_BOOL_CONVERSION = YES;
				CLANG_WARN_COMMA = YES;
				CLANG_WARN_CONSTANT_CONVERSION = YES;
				CLANG_WARN_DEPRECATED_OBJC_IMPLEMENTATIONS = YES;
				CLANG_WARN_DIRECT_OBJC_ISA_USAGE = YES_ERROR;
				CLANG_WARN_DOCUMENTATION_COMMENTS = YES;
				CLANG_WARN_EMPTY_BODY = YES;
				CLANG_WARN_ENUM_CONVERSION = YES;
				CLANG_WARN_INFINITE_RECURSION = YES;
				CLANG_WARN_INT_CONVERSION = YES;
				CLANG_WARN_NON_LITERAL_NULL_CONVERSION = YES;
				CLANG_WARN_OBJC_IMPLICIT_RETAIN_SELF = YES;
				CLANG_WARN_OBJC_LITERAL_CONVERSION = YES;
				CLANG_WARN_OBJC_ROOT_CLASS = YES_ERROR;
				CLANG_WARN_RANGE_LOOP_ANALYSIS = YES;
				CLANG_WARN_STRICT_PROTOTYPES = YES;
				CLANG_WARN_SUSPICIOUS_MOVE = YES;
				CLANG_WARN_UNGUARDED_AVAILABILITY = YES_AGGRESSIVE;
				CLANG_WARN_UNREACHABLE_CODE = YES;
				CLANG_WARN__DUPLICATE_METHOD_MATCH = YES;
				CODE_SIGN_IDENTITY = "-";
				COPY_PHASE_STRIP = NO;
				DEBUG_INFORMATION_FORMAT = "dwarf-with-dsym";
				ENABLE_NS_ASSERTIONS = NO;
				ENABLE_STRICT_OBJC_MSGSEND = YES;
				GCC_C_LANGUAGE_STANDARD = gnu11;
				GCC_NO_COMMON_BLOCKS = YES;
				GCC_WARN_64_TO_32_BIT_CONVERSION = YES;
				GCC_WARN_ABOUT_RETURN_TYPE = YES_ERROR;
				GCC_WARN_UNDECLARED_SELECTOR = YES;
				GCC_WARN_UNINITIALIZED_AUTOS = YES_AGGRESSIVE;
				GCC_WARN_UNUSED_FUNCTION = YES;
				GCC_WARN_UNUSED_VARIABLE = YES;
				MACOSX_DEPLOYMENT_TARGET = 10.13;
				MTL_ENABLE_DEBUG_INFO = NO;
				SDKROOT = macosx;
			};
			name = Release;
		};
		248ADCBA2068AE6A00CB37C2 /* Debug */ = {
			isa = XCBuildConfiguration;
			buildSettings = {
				ASSETCATALOG_COMPILER_APPICON_NAME = AppIcon;
				CLANG_ENABLE_OBJC_ARC = NO;
				CODE_SIGN_ENTITLEMENTS = TimeTracker/TimeTracker.entitlements;
				CODE_SIGN_STYLE = Automatic;
				COMBINE_HIDPI_IMAGES = YES;
				INFOPLIST_FILE = TimeTracker/Info.plist;
				LD_RUNPATH_SEARCH_PATHS = (
					"$(inherited)",
					"@executable_path/../Frameworks",
				);
				PRODUCT_BUNDLE_IDENTIFIER = com.wellingguzman.TimeTracker;
				PRODUCT_NAME = "$(TARGET_NAME)";
			};
			name = Debug;
		};
		248ADCBB2068AE6A00CB37C2 /* Release */ = {
			isa = XCBuildConfiguration;
			buildSettings = {
				ASSETCATALOG_COMPILER_APPICON_NAME = AppIcon;
				CLANG_ENABLE_OBJC_ARC = NO;
				CODE_SIGN_ENTITLEMENTS = TimeTracker/TimeTracker.entitlements;
				CODE_SIGN_STYLE = Automatic;
				COMBINE_HIDPI_IMAGES = YES;
				INFOPLIST_FILE = TimeTracker/Info.plist;
				LD_RUNPATH_SEARCH_PATHS = (
					"$(inherited)",
					"@executable_path/../Frameworks",
				);
				PRODUCT_BUNDLE_IDENTIFIER = com.wellingguzman.TimeTracker;
				PRODUCT_NAME = "$(TARGET_NAME)";
			};
			name = Release;
		};
/* End XCBuildConfiguration section */

/* Begin XCConfigurationList section */
		248ADCA32068AE6900CB37C2 /* Build configuration list for PBXProject "TimeTracker" */ = {
			isa = XCConfigurationList;
			buildConfigurations = (
				248ADCB72068AE6A00CB37C2 /* Debug */,
				248ADCB82068AE6A00CB37C2 /* Release */,
			);
			defaultConfigurationIsVisible = 0;
			defaultConfigurationName = Release;
		};
		248ADCB92068AE6A00CB37C2 /* Build configuration list for PBXNativeTarget "TimeTracker" */ = {
			isa = XCConfigurationList;
			buildConfigurations = (
				248ADCBA2068AE6A00CB37C2 /* Debug */,
				248ADCBB2068AE6A00CB37C2 /* Release */,
			);
			defaultConfigurationIsVisible = 0;
			defaultConfigurationName = Release;
		};
/* End XCConfigurationList section */
	};
	rootObject = 248ADCA02068AE6900CB37C2 /* Project object */;
}
